
Microsoft Visual Studio Solution File, Format Version 12.00
# Visual Studio 15
VisualStudioVersion = 15.0.26430.13
MinimumVisualStudioVersion = 10.0.40219.1
Project("{9A19103F-16F7-4668-BE54-9A1E7A4F7556}") = "MyStaging.App", "MyStaging.App\MyStaging.App.csproj", "{EABFFCEA-215D-48B7-B2ED-2A1414DB5567}"
EndProject
Project("{9A19103F-16F7-4668-BE54-9A1E7A4F7556}") = "MyStaging", "MyStaging\MyStaging.csproj", "{9CA2FB55-401D-456E-98A5-D036CC9D3DD5}"
EndProject
Global
	GlobalSection(SolutionConfigurationPlatforms) = preSolution
		Debug|Any CPU = Debug|Any CPU
		Release|Any CPU = Release|Any CPU
	EndGlobalSection
	GlobalSection(ProjectConfigurationPlatforms) = postSolution
		{EABFFCEA-215D-48B7-B2ED-2A1414DB5567}.Debug|Any CPU.ActiveCfg = Debug|Any CPU
		{EABFFCEA-215D-48B7-B2ED-2A1414DB5567}.Debug|Any CPU.Build.0 = Debug|Any CPU
		{EABFFCEA-215D-48B7-B2ED-2A1414DB5567}.Release|Any CPU.ActiveCfg = Release|Any CPU
		{EABFFCEA-215D-48B7-B2ED-2A1414DB5567}.Release|Any CPU.Build.0 = Release|Any CPU
		{9CA2FB55-401D-456E-98A5-D036CC9D3DD5}.Debug|Any CPU.ActiveCfg = Debug|Any CPU
		{9CA2FB55-401D-456E-98A5-D036CC9D3DD5}.Debug|Any CPU.Build.0 = Debug|Any CPU
		{9CA2FB55-401D-456E-98A5-D036CC9D3DD5}.Release|Any CPU.ActiveCfg = Release|Any CPU
		{9CA2FB55-401D-456E-98A5-D036CC9D3DD5}.Release|Any CPU.Build.0 = Release|Any CPU
	EndGlobalSection
	GlobalSection(SolutionProperties) = preSolution
		HideSolutionNode = FALSE
	EndGlobalSection
EndGlobal
