
Microsoft Visual Studio Solution File, Format Version 12.00
# Visual Studio Version 16
VisualStudioVersion = 16.0.29709.97
MinimumVisualStudioVersion = 10.0.40219.1
Project("{2150E333-8FDC-42A3-9474-1A3956D46DE8}") = "docs", "docs", "{B7538478-F175-44FC-8BB7-35B308458C1A}"
	ProjectSection(SolutionItems) = preProject
		LICENSE = LICENSE
		doc\mystaging.sql = doc\mystaging.sql
	EndProjectSection
EndProject
Project("{2150E333-8FDC-42A3-9474-1A3956D46DE8}") = "src", "src", "{D8A84CB8-E1D8-4E53-8AA0-64A0B5EF52DC}"
EndProject
Project("{2150E333-8FDC-42A3-9474-1A3956D46DE8}") = "test", "test", "{EDBEFAA2-ED7E-45D5-9851-26D63CF71408}"
EndProject
Project("{2150E333-8FDC-42A3-9474-1A3956D46DE8}") = "examples", "examples", "{05B860F5-AC6E-4D15-A9A5-11DC1FF8DD16}"
EndProject
Project("{9A19103F-16F7-4668-BE54-9A1E7A4F7556}") = "MyStaging.Gen", "src\MyStaging.Gen\MyStaging.Gen.csproj", "{3B946685-9265-42F6-A1EF-CCB1418D25CD}"
EndProject
Project("{9A19103F-16F7-4668-BE54-9A1E7A4F7556}") = "MyStaging", "src\MyStaging\MyStaging.csproj", "{F2E539E5-8AC6-48D4-8149-51FE6695DFC0}"
EndProject
Project("{9A19103F-16F7-4668-BE54-9A1E7A4F7556}") = "MyStaging.xUnitTest", "test\MyStaging.xUnitTest\MyStaging.xUnitTest.csproj", "{2E729A8B-4776-476A-AEE6-B6AB8BA95AC5}"
EndProject
Project("{9A19103F-16F7-4668-BE54-9A1E7A4F7556}") = "MyStaging.PostgreSQL", "src\MyStaging.PostgreSQL\MyStaging.PostgreSQL.csproj", "{0CF384EF-2656-4853-BA92-B1E75C84C6B7}"
EndProject
Project("{9A19103F-16F7-4668-BE54-9A1E7A4F7556}") = "MyStaging.MySql", "src\MyStaging.MySql\MyStaging.MySql.csproj", "{98911D0F-C7FE-4797-B200-D58F32F7177A}"
EndProject
Project("{2150E333-8FDC-42A3-9474-1A3956D46DE8}") = "tools", "tools", "{5222785C-4A62-463E-BC75-BDF347033913}"
EndProject
Project("{2150E333-8FDC-42A3-9474-1A3956D46DE8}") = "provider", "provider", "{03066DAC-D9A2-4B81-8295-1412C6EB3DCC}"
EndProject
Project("{9A19103F-16F7-4668-BE54-9A1E7A4F7556}") = "Pgsql", "examples\Pgsql\Pgsql.csproj", "{621779F6-14CF-42D7-9B59-EE6EF77350AF}"
EndProject
Project("{FAE04EC0-301F-11D3-BF4B-00C04F79EFBC}") = "Mysql", "examples\Mysql\Mysql.csproj", "{19095EB9-CF13-454A-93AD-DF0BBD065BF7}"
EndProject
Global
	GlobalSection(SolutionConfigurationPlatforms) = preSolution
		Debug|Any CPU = Debug|Any CPU
		Release|Any CPU = Release|Any CPU
	EndGlobalSection
	GlobalSection(ProjectConfigurationPlatforms) = postSolution
		{3B946685-9265-42F6-A1EF-CCB1418D25CD}.Debug|Any CPU.ActiveCfg = Debug|Any CPU
		{3B946685-9265-42F6-A1EF-CCB1418D25CD}.Debug|Any CPU.Build.0 = Debug|Any CPU
		{3B946685-9265-42F6-A1EF-CCB1418D25CD}.Release|Any CPU.ActiveCfg = Release|Any CPU
		{3B946685-9265-42F6-A1EF-CCB1418D25CD}.Release|Any CPU.Build.0 = Release|Any CPU
		{F2E539E5-8AC6-48D4-8149-51FE6695DFC0}.Debug|Any CPU.ActiveCfg = Debug|Any CPU
		{F2E539E5-8AC6-48D4-8149-51FE6695DFC0}.Debug|Any CPU.Build.0 = Debug|Any CPU
		{F2E539E5-8AC6-48D4-8149-51FE6695DFC0}.Release|Any CPU.ActiveCfg = Release|Any CPU
		{F2E539E5-8AC6-48D4-8149-51FE6695DFC0}.Release|Any CPU.Build.0 = Release|Any CPU
		{2E729A8B-4776-476A-AEE6-B6AB8BA95AC5}.Debug|Any CPU.ActiveCfg = Debug|Any CPU
		{2E729A8B-4776-476A-AEE6-B6AB8BA95AC5}.Debug|Any CPU.Build.0 = Debug|Any CPU
		{2E729A8B-4776-476A-AEE6-B6AB8BA95AC5}.Release|Any CPU.ActiveCfg = Release|Any CPU
		{2E729A8B-4776-476A-AEE6-B6AB8BA95AC5}.Release|Any CPU.Build.0 = Release|Any CPU
		{0CF384EF-2656-4853-BA92-B1E75C84C6B7}.Debug|Any CPU.ActiveCfg = Debug|Any CPU
		{0CF384EF-2656-4853-BA92-B1E75C84C6B7}.Debug|Any CPU.Build.0 = Debug|Any CPU
		{0CF384EF-2656-4853-BA92-B1E75C84C6B7}.Release|Any CPU.ActiveCfg = Release|Any CPU
		{0CF384EF-2656-4853-BA92-B1E75C84C6B7}.Release|Any CPU.Build.0 = Release|Any CPU
		{98911D0F-C7FE-4797-B200-D58F32F7177A}.Debug|Any CPU.ActiveCfg = Debug|Any CPU
		{98911D0F-C7FE-4797-B200-D58F32F7177A}.Debug|Any CPU.Build.0 = Debug|Any CPU
		{98911D0F-C7FE-4797-B200-D58F32F7177A}.Release|Any CPU.ActiveCfg = Release|Any CPU
		{98911D0F-C7FE-4797-B200-D58F32F7177A}.Release|Any CPU.Build.0 = Release|Any CPU
		{621779F6-14CF-42D7-9B59-EE6EF77350AF}.Debug|Any CPU.ActiveCfg = Debug|Any CPU
		{621779F6-14CF-42D7-9B59-EE6EF77350AF}.Debug|Any CPU.Build.0 = Debug|Any CPU
		{621779F6-14CF-42D7-9B59-EE6EF77350AF}.Release|Any CPU.ActiveCfg = Release|Any CPU
		{621779F6-14CF-42D7-9B59-EE6EF77350AF}.Release|Any CPU.Build.0 = Release|Any CPU
		{19095EB9-CF13-454A-93AD-DF0BBD065BF7}.Debug|Any CPU.ActiveCfg = Debug|Any CPU
		{19095EB9-CF13-454A-93AD-DF0BBD065BF7}.Debug|Any CPU.Build.0 = Debug|Any CPU
		{19095EB9-CF13-454A-93AD-DF0BBD065BF7}.Release|Any CPU.ActiveCfg = Release|Any CPU
		{19095EB9-CF13-454A-93AD-DF0BBD065BF7}.Release|Any CPU.Build.0 = Release|Any CPU
	EndGlobalSection
	GlobalSection(SolutionProperties) = preSolution
		HideSolutionNode = FALSE
	EndGlobalSection
	GlobalSection(NestedProjects) = preSolution
		{3B946685-9265-42F6-A1EF-CCB1418D25CD} = {5222785C-4A62-463E-BC75-BDF347033913}
		{F2E539E5-8AC6-48D4-8149-51FE6695DFC0} = {D8A84CB8-E1D8-4E53-8AA0-64A0B5EF52DC}
		{2E729A8B-4776-476A-AEE6-B6AB8BA95AC5} = {EDBEFAA2-ED7E-45D5-9851-26D63CF71408}
		{0CF384EF-2656-4853-BA92-B1E75C84C6B7} = {03066DAC-D9A2-4B81-8295-1412C6EB3DCC}
		{98911D0F-C7FE-4797-B200-D58F32F7177A} = {03066DAC-D9A2-4B81-8295-1412C6EB3DCC}
		{5222785C-4A62-463E-BC75-BDF347033913} = {D8A84CB8-E1D8-4E53-8AA0-64A0B5EF52DC}
		{03066DAC-D9A2-4B81-8295-1412C6EB3DCC} = {D8A84CB8-E1D8-4E53-8AA0-64A0B5EF52DC}
		{621779F6-14CF-42D7-9B59-EE6EF77350AF} = {05B860F5-AC6E-4D15-A9A5-11DC1FF8DD16}
		{19095EB9-CF13-454A-93AD-DF0BBD065BF7} = {05B860F5-AC6E-4D15-A9A5-11DC1FF8DD16}
	EndGlobalSection
	GlobalSection(ExtensibilityGlobals) = postSolution
		SolutionGuid = {9C02132D-DD97-411D-A882-5DC796A8CC2D}
	EndGlobalSection
EndGlobal
